
Microsoft Visual Studio Solution File, Format Version 12.00
# Visual Studio Version 16
VisualStudioVersion = 16.0.31205.134
MinimumVisualStudioVersion = 10.0.40219.1
Project("{FAE04EC0-301F-11D3-BF4B-00C04F79EFBC}") = "ws-control-escolar", "ws-control-escolar\ws-control-escolar.csproj", "{27CCEBAC-787F-44A1-AF57-4AFFBFEDACEB}"
EndProject
Global
	GlobalSection(SolutionConfigurationPlatforms) = preSolution
		Debug|Any CPU = Debug|Any CPU
		Release|Any CPU = Release|Any CPU
	EndGlobalSection
	GlobalSection(ProjectConfigurationPlatforms) = postSolution
		{27CCEBAC-787F-44A1-AF57-4AFFBFEDACEB}.Debug|Any CPU.ActiveCfg = Debug|Any CPU
		{27CCEBAC-787F-44A1-AF57-4AFFBFEDACEB}.Debug|Any CPU.Build.0 = Debug|Any CPU
		{27CCEBAC-787F-44A1-AF57-4AFFBFEDACEB}.Release|Any CPU.ActiveCfg = Release|Any CPU
		{27CCEBAC-787F-44A1-AF57-4AFFBFEDACEB}.Release|Any CPU.Build.0 = Release|Any CPU
	EndGlobalSection
	GlobalSection(SolutionProperties) = preSolution
		HideSolutionNode = FALSE
	EndGlobalSection
	GlobalSection(ExtensibilityGlobals) = postSolution
		SolutionGuid = {10B4B48A-AF14-40B6-91A3-CBCA7B63D221}
	EndGlobalSection
EndGlobal
